
Microsoft Visual Studio Solution File, Format Version 12.00
# Visual Studio 15
VisualStudioVersion = 15.0.27428.2005
MinimumVisualStudioVersion = 10.0.40219.1
Project("{FAE04EC0-301F-11D3-BF4B-00C04F79EFBC}") = "Deligence", "Deligence\Deligence.csproj", "{9154A1C3-D095-4D71-AFF2-51B34DF7EF00}"
EndProject
Project("{FAE04EC0-301F-11D3-BF4B-00C04F79EFBC}") = "Deligence.Tests", "Deligence.Tests\Deligence.Tests.csproj", "{500425CC-92EE-43C1-9B3B-C0AC0E5C1356}"
EndProject
Global
	GlobalSection(SolutionConfigurationPlatforms) = preSolution
		Debug|Any CPU = Debug|Any CPU
		Release|Any CPU = Release|Any CPU
	EndGlobalSection
	GlobalSection(ProjectConfigurationPlatforms) = postSolution
		{9154A1C3-D095-4D71-AFF2-51B34DF7EF00}.Debug|Any CPU.ActiveCfg = Debug|Any CPU
		{9154A1C3-D095-4D71-AFF2-51B34DF7EF00}.Debug|Any CPU.Build.0 = Debug|Any CPU
		{9154A1C3-D095-4D71-AFF2-51B34DF7EF00}.Release|Any CPU.ActiveCfg = Release|Any CPU
		{9154A1C3-D095-4D71-AFF2-51B34DF7EF00}.Release|Any CPU.Build.0 = Release|Any CPU
		{500425CC-92EE-43C1-9B3B-C0AC0E5C1356}.Debug|Any CPU.ActiveCfg = Debug|Any CPU
		{500425CC-92EE-43C1-9B3B-C0AC0E5C1356}.Debug|Any CPU.Build.0 = Debug|Any CPU
		{500425CC-92EE-43C1-9B3B-C0AC0E5C1356}.Release|Any CPU.ActiveCfg = Release|Any CPU
		{500425CC-92EE-43C1-9B3B-C0AC0E5C1356}.Release|Any CPU.Build.0 = Release|Any CPU
	EndGlobalSection
	GlobalSection(SolutionProperties) = preSolution
		HideSolutionNode = FALSE
	EndGlobalSection
	GlobalSection(ExtensibilityGlobals) = postSolution
		SolutionGuid = {D6748944-048C-4B63-B650-FFB382DFDDC9}
	EndGlobalSection
EndGlobal
