
Microsoft Visual Studio Solution File, Format Version 12.00
# Visual Studio 15
VisualStudioVersion = 15.0.27428.2005
MinimumVisualStudioVersion = 10.0.40219.1
Project("{FAE04EC0-301F-11D3-BF4B-00C04F79EFBC}") = "Deligence", "Deligence\Deligence.csproj", "{9154A1C3-D095-4D71-AFF2-51B34DF7EF00}"
EndProject
Project("{FAE04EC0-301F-11D3-BF4B-00C04F79EFBC}") = "Deligence.Tests", "Deligence.Tests\Deligence.Tests.csproj", "{500425CC-92EE-43C1-9B3B-C0AC0E5C1356}"
EndProject
Project("{FAE04EC0-301F-11D3-BF4B-00C04F79EFBC}") = "Deligence.Core", "Deligence.Core\Deligence.Core.csproj", "{8A9CFA04-73AD-45F9-A644-860115D002A8}"
EndProject
Global
	GlobalSection(SolutionConfigurationPlatforms) = preSolution
		Debug|Any CPU = Debug|Any CPU
		Dev|Any CPU = Dev|Any CPU
		Integration|Any CPU = Integration|Any CPU
		Prod|Any CPU = Prod|Any CPU
		Release|Any CPU = Release|Any CPU
		Testing|Any CPU = Testing|Any CPU
		UAT|Any CPU = UAT|Any CPU
	EndGlobalSection
	GlobalSection(ProjectConfigurationPlatforms) = postSolution
		{9154A1C3-D095-4D71-AFF2-51B34DF7EF00}.Debug|Any CPU.ActiveCfg = Debug|Any CPU
		{9154A1C3-D095-4D71-AFF2-51B34DF7EF00}.Debug|Any CPU.Build.0 = Debug|Any CPU
		{9154A1C3-D095-4D71-AFF2-51B34DF7EF00}.Dev|Any CPU.ActiveCfg = Dev|Any CPU
		{9154A1C3-D095-4D71-AFF2-51B34DF7EF00}.Dev|Any CPU.Build.0 = Dev|Any CPU
		{9154A1C3-D095-4D71-AFF2-51B34DF7EF00}.Integration|Any CPU.ActiveCfg = Integration|Any CPU
		{9154A1C3-D095-4D71-AFF2-51B34DF7EF00}.Integration|Any CPU.Build.0 = Integration|Any CPU
		{9154A1C3-D095-4D71-AFF2-51B34DF7EF00}.Prod|Any CPU.ActiveCfg = Prod|Any CPU
		{9154A1C3-D095-4D71-AFF2-51B34DF7EF00}.Prod|Any CPU.Build.0 = Prod|Any CPU
		{9154A1C3-D095-4D71-AFF2-51B34DF7EF00}.Release|Any CPU.ActiveCfg = Release|Any CPU
		{9154A1C3-D095-4D71-AFF2-51B34DF7EF00}.Release|Any CPU.Build.0 = Release|Any CPU
		{9154A1C3-D095-4D71-AFF2-51B34DF7EF00}.Testing|Any CPU.ActiveCfg = Testing|Any CPU
		{9154A1C3-D095-4D71-AFF2-51B34DF7EF00}.Testing|Any CPU.Build.0 = Testing|Any CPU
		{9154A1C3-D095-4D71-AFF2-51B34DF7EF00}.UAT|Any CPU.ActiveCfg = UAT|Any CPU
		{9154A1C3-D095-4D71-AFF2-51B34DF7EF00}.UAT|Any CPU.Build.0 = UAT|Any CPU
		{500425CC-92EE-43C1-9B3B-C0AC0E5C1356}.Debug|Any CPU.ActiveCfg = Debug|Any CPU
		{500425CC-92EE-43C1-9B3B-C0AC0E5C1356}.Debug|Any CPU.Build.0 = Debug|Any CPU
		{500425CC-92EE-43C1-9B3B-C0AC0E5C1356}.Dev|Any CPU.ActiveCfg = Dev|Any CPU
		{500425CC-92EE-43C1-9B3B-C0AC0E5C1356}.Dev|Any CPU.Build.0 = Dev|Any CPU
		{500425CC-92EE-43C1-9B3B-C0AC0E5C1356}.Integration|Any CPU.ActiveCfg = Integration|Any CPU
		{500425CC-92EE-43C1-9B3B-C0AC0E5C1356}.Integration|Any CPU.Build.0 = Integration|Any CPU
		{500425CC-92EE-43C1-9B3B-C0AC0E5C1356}.Prod|Any CPU.ActiveCfg = Prod|Any CPU
		{500425CC-92EE-43C1-9B3B-C0AC0E5C1356}.Prod|Any CPU.Build.0 = Prod|Any CPU
		{500425CC-92EE-43C1-9B3B-C0AC0E5C1356}.Release|Any CPU.ActiveCfg = Release|Any CPU
		{500425CC-92EE-43C1-9B3B-C0AC0E5C1356}.Release|Any CPU.Build.0 = Release|Any CPU
		{500425CC-92EE-43C1-9B3B-C0AC0E5C1356}.Testing|Any CPU.ActiveCfg = Testing|Any CPU
		{500425CC-92EE-43C1-9B3B-C0AC0E5C1356}.Testing|Any CPU.Build.0 = Testing|Any CPU
		{500425CC-92EE-43C1-9B3B-C0AC0E5C1356}.UAT|Any CPU.ActiveCfg = UAT|Any CPU
		{500425CC-92EE-43C1-9B3B-C0AC0E5C1356}.UAT|Any CPU.Build.0 = UAT|Any CPU
		{8A9CFA04-73AD-45F9-A644-860115D002A8}.Debug|Any CPU.ActiveCfg = Debug|Any CPU
		{8A9CFA04-73AD-45F9-A644-860115D002A8}.Debug|Any CPU.Build.0 = Debug|Any CPU
		{8A9CFA04-73AD-45F9-A644-860115D002A8}.Dev|Any CPU.ActiveCfg = Debug|Any CPU
		{8A9CFA04-73AD-45F9-A644-860115D002A8}.Dev|Any CPU.Build.0 = Debug|Any CPU
		{8A9CFA04-73AD-45F9-A644-860115D002A8}.Integration|Any CPU.ActiveCfg = Debug|Any CPU
		{8A9CFA04-73AD-45F9-A644-860115D002A8}.Integration|Any CPU.Build.0 = Debug|Any CPU
		{8A9CFA04-73AD-45F9-A644-860115D002A8}.Prod|Any CPU.ActiveCfg = Debug|Any CPU
		{8A9CFA04-73AD-45F9-A644-860115D002A8}.Prod|Any CPU.Build.0 = Debug|Any CPU
		{8A9CFA04-73AD-45F9-A644-860115D002A8}.Release|Any CPU.ActiveCfg = Release|Any CPU
		{8A9CFA04-73AD-45F9-A644-860115D002A8}.Release|Any CPU.Build.0 = Release|Any CPU
		{8A9CFA04-73AD-45F9-A644-860115D002A8}.Testing|Any CPU.ActiveCfg = Debug|Any CPU
		{8A9CFA04-73AD-45F9-A644-860115D002A8}.Testing|Any CPU.Build.0 = Debug|Any CPU
		{8A9CFA04-73AD-45F9-A644-860115D002A8}.UAT|Any CPU.ActiveCfg = Debug|Any CPU
		{8A9CFA04-73AD-45F9-A644-860115D002A8}.UAT|Any CPU.Build.0 = Debug|Any CPU
	EndGlobalSection
	GlobalSection(SolutionProperties) = preSolution
		HideSolutionNode = FALSE
	EndGlobalSection
	GlobalSection(ExtensibilityGlobals) = postSolution
		SolutionGuid = {D6748944-048C-4B63-B650-FFB382DFDDC9}
	EndGlobalSection
EndGlobal
